
Microsoft Visual Studio Solution File, Format Version 12.00
# Visual Studio Version 16
VisualStudioVersion = 16.0.29911.84
MinimumVisualStudioVersion = 10.0.40219.1
Project("{F184B08F-C81C-45F6-A57F-5ABD9991F28F}") = "Palindrome Checker", "Palindrome Checker\Palindrome Checker.vbproj", "{64CABAA7-E767-4962-88A0-7946381562D6}"
EndProject
Global
	GlobalSection(SolutionConfigurationPlatforms) = preSolution
		Debug|Any CPU = Debug|Any CPU
		Release|Any CPU = Release|Any CPU
	EndGlobalSection
	GlobalSection(ProjectConfigurationPlatforms) = postSolution
		{64CABAA7-E767-4962-88A0-7946381562D6}.Debug|Any CPU.ActiveCfg = Debug|Any CPU
		{64CABAA7-E767-4962-88A0-7946381562D6}.Debug|Any CPU.Build.0 = Debug|Any CPU
		{64CABAA7-E767-4962-88A0-7946381562D6}.Release|Any CPU.ActiveCfg = Release|Any CPU
		{64CABAA7-E767-4962-88A0-7946381562D6}.Release|Any CPU.Build.0 = Release|Any CPU
	EndGlobalSection
	GlobalSection(SolutionProperties) = preSolution
		HideSolutionNode = FALSE
	EndGlobalSection
	GlobalSection(ExtensibilityGlobals) = postSolution
		SolutionGuid = {67AB2E44-86D0-4C14-AB9B-687E6B79BF07}
	EndGlobalSection
EndGlobal
